// !$*UTF8*$!
{
	archiveVersion = 1;
	classes = {
	};
	objectVersion = 46;
	objects = {

/* Begin PBXBuildFile section */
		44CD8D2419D6743A00CF710A /* main.m in Sources */ = {isa = PBXBuildFile; fileRef = 44CD8D2319D6743A00CF710A /* main.m */; };
		44CD8D2719D6743A00CF710A /* AppDelegate.m in Sources */ = {isa = PBXBuildFile; fileRef = 44CD8D2619D6743A00CF710A /* AppDelegate.m */; };
		44CD8D2A19D6743A00CF710A /* ViewController.m in Sources */ = {isa = PBXBuildFile; fileRef = 44CD8D2919D6743A00CF710A /* ViewController.m */; };
		44CD8D2D19D6743B00CF710A /* Main.storyboard in Resources */ = {isa = PBXBuildFile; fileRef = 44CD8D2B19D6743B00CF710A /* Main.storyboard */; };
		44CD8D2F19D6743B00CF710A /* Images.xcassets in Resources */ = {isa = PBXBuildFile; fileRef = 44CD8D2E19D6743B00CF710A /* Images.xcassets */; };
		44CD8D3219D6743B00CF710A /* LaunchScreen.xib in Resources */ = {isa = PBXBuildFile; fileRef = 44CD8D3019D6743B00CF710A /* LaunchScreen.xib */; };
		44CD8D3E19D6743B00CF710A /* ScrolViewDemoTests.m in Sources */ = {isa = PBXBuildFile; fileRef = 44CD8D3D19D6743B00CF710A /* ScrolViewDemoTests.m */; };
/* End PBXBuildFile section */

/* Begin PBXContainerItemProxy section */
		44CD8D3819D6743B00CF710A /* PBXContainerItemProxy */ = {
			isa = PBXContainerItemProxy;
			containerPortal = 44CD8D1619D6743A00CF710A /* Project object */;
			proxyType = 1;
			remoteGlobalIDString = 44CD8D1D19D6743A00CF710A;
			remoteInfo = ScrolViewDemo;
		};
/* End PBXContainerItemProxy section */

/* Begin PBXFileReference section */
		44CD8D1E19D6743A00CF710A /* ScrolViewDemo.app */ = {isa = PBXFileReference; explicitFileType = wrapper.application; includeInIndex = 0; path = ScrolViewDemo.app; sourceTree = BUILT_PRODUCTS_DIR; };
		44CD8D2219D6743A00CF710A /* Info.plist */ = {isa = PBXFileReference; lastKnownFileType = text.plist.xml; path = Info.plist; sourceTree = "<group>"; };
		44CD8D2319D6743A00CF710A /* main.m */ = {isa = PBXFileReference; lastKnownFileType = sourcecode.c.objc; path = main.m; sourceTree = "<group>"; };
		44CD8D2519D6743A00CF710A /* AppDelegate.h */ = {isa = PBXFileReference; lastKnownFileType = sourcecode.c.h; path = AppDelegate.h; sourceTree = "<group>"; };
		44CD8D2619D6743A00CF710A /* AppDelegate.m */ = {isa = PBXFileReference; lastKnownFileType = sourcecode.c.objc; path = AppDelegate.m; sourceTree = "<group>"; };
		44CD8D2819D6743A00CF710A /* ViewController.h */ = {isa = PBXFileReference; lastKnownFileType = sourcecode.c.h; path = ViewController.h; sourceTree = "<group>"; };
		44CD8D2919D6743A00CF710A /* ViewController.m */ = {isa = PBXFileReference; lastKnownFileType = sourcecode.c.objc; path = ViewController.m; sourceTree = "<group>"; };
		44CD8D2C19D6743B00CF710A /* Base */ = {isa = PBXFileReference; lastKnownFileType = file.storyboard; name = Base; path = Base.lproj/Main.storyboard; sourceTree = "<group>"; };
		44CD8D2E19D6743B00CF710A /* Images.xcassets */ = {isa = PBXFileReference; lastKnownFileType = folder.assetcatalog; path = Images.xcassets; sourceTree = "<group>"; };
		44CD8D3119D6743B00CF710A /* Base */ = {isa = PBXFileReference; lastKnownFileType = file.xib; name = Base; path = Base.lproj/LaunchScreen.xib; sourceTree = "<group>"; };
		44CD8D3719D6743B00CF710A /* ScrolViewDemoTests.xctest */ = {isa = PBXFileReference; explicitFileType = wrapper.cfbundle; includeInIndex = 0; path = ScrolViewDemoTests.xctest; sourceTree = BUILT_PRODUCTS_DIR; };
		44CD8D3C19D6743B00CF710A /* Info.plist */ = {isa = PBXFileReference; lastKnownFileType = text.plist.xml; path = Info.plist; sourceTree = "<group>"; };
		44CD8D3D19D6743B00CF710A /* ScrolViewDemoTests.m */ = {isa = PBXFileReference; lastKnownFileType = sourcecode.c.objc; path = ScrolViewDemoTests.m; sourceTree = "<group>"; };
/* End PBXFileReference section */

/* Begin PBXFrameworksBuildPhase section */
		44CD8D1B19D6743A00CF710A /* Frameworks */ = {
			isa = PBXFrameworksBuildPhase;
			buildActionMask = 2147483647;
			files = (
			);
			runOnlyForDeploymentPostprocessing = 0;
		};
		44CD8D3419D6743B00CF710A /* Frameworks */ = {
			isa = PBXFrameworksBuildPhase;
			buildActionMask = 2147483647;
			files = (
			);
			runOnlyForDeploymentPostprocessing = 0;
		};
/* End PBXFrameworksBuildPhase section */

/* Begin PBXGroup section */
		44CD8D1519D6743A00CF710A = {
			isa = PBXGroup;
			children = (
				44CD8D2019D6743A00CF710A /* ScrolViewDemo */,
				44CD8D3A19D6743B00CF710A /* ScrolViewDemoTests */,
				44CD8D1F19D6743A00CF710A /* Products */,
			);
			sourceTree = "<group>";
		};
		44CD8D1F19D6743A00CF710A /* Products */ = {
			isa = PBXGroup;
			children = (
				44CD8D1E19D6743A00CF710A /* ScrolViewDemo.app */,
				44CD8D3719D6743B00CF710A /* ScrolViewDemoTests.xctest */,
			);
			name = Products;
			sourceTree = "<group>";
		};
		44CD8D2019D6743A00CF710A /* ScrolViewDemo */ = {
			isa = PBXGroup;
			children = (
				44CD8D2519D6743A00CF710A /* AppDelegate.h */,
				44CD8D2619D6743A00CF710A /* AppDelegate.m */,
				44CD8D2819D6743A00CF710A /* ViewController.h */,
				44CD8D2919D6743A00CF710A /* ViewController.m */,
				44CD8D2B19D6743B00CF710A /* Main.storyboard */,
				44CD8D2E19D6743B00CF710A /* Images.xcassets */,
				44CD8D3019D6743B00CF710A /* LaunchScreen.xib */,
				44CD8D2119D6743A00CF710A /* Supporting Files */,
			);
			path = ScrolViewDemo;
			sourceTree = "<group>";
		};
		44CD8D2119D6743A00CF710A /* Supporting Files */ = {
			isa = PBXGroup;
			children = (
				44CD8D2219D6743A00CF710A /* Info.plist */,
				44CD8D2319D6743A00CF710A /* main.m */,
			);
			name = "Supporting Files";
			sourceTree = "<group>";
		};
		44CD8D3A19D6743B00CF710A /* ScrolViewDemoTests */ = {
			isa = PBXGroup;
			children = (
				44CD8D3D19D6743B00CF710A /* ScrolViewDemoTests.m */,
				44CD8D3B19D6743B00CF710A /* Supporting Files */,
			);
			path = ScrolViewDemoTests;
			sourceTree = "<group>";
		};
		44CD8D3B19D6743B00CF710A /* Supporting Files */ = {
			isa = PBXGroup;
			children = (
				44CD8D3C19D6743B00CF710A /* Info.plist */,
			);
			name = "Supporting Files";
			sourceTree = "<group>";
		};
/* End PBXGroup section */

/* Begin PBXNativeTarget section */
		44CD8D1D19D6743A00CF710A /* ScrolViewDemo */ = {
			isa = PBXNativeTarget;
			buildConfigurationList = 44CD8D4119D6743B00CF710A /* Build configuration list for PBXNativeTarget "ScrolViewDemo" */;
			buildPhases = (
				44CD8D1A19D6743A00CF710A /* Sources */,
				44CD8D1B19D6743A00CF710A /* Frameworks */,
				44CD8D1C19D6743A00CF710A /* Resources */,
			);
			buildRules = (
			);
			dependencies = (
			);
			name = ScrolViewDemo;
			productName = ScrolViewDemo;
			productReference = 44CD8D1E19D6743A00CF710A /* ScrolViewDemo.app */;
			productType = "com.apple.product-type.application";
		};
		44CD8D3619D6743B00CF710A /* ScrolViewDemoTests */ = {
			isa = PBXNativeTarget;
			buildConfigurationList = 44CD8D4419D6743B00CF710A /* Build configuration list for PBXNativeTarget "ScrolViewDemoTests" */;
			buildPhases = (
				44CD8D3319D6743B00CF710A /* Sources */,
				44CD8D3419D6743B00CF710A /* Frameworks */,
				44CD8D3519D6743B00CF710A /* Resources */,
			);
			buildRules = (
			);
			dependencies = (
				44CD8D3919D6743B00CF710A /* PBXTargetDependency */,
			);
			name = ScrolViewDemoTests;
			productName = ScrolViewDemoTests;
			productReference = 44CD8D3719D6743B00CF710A /* ScrolViewDemoTests.xctest */;
			productType = "com.apple.product-type.bundle.unit-test";
		};
/* End PBXNativeTarget section */

/* Begin PBXProject section */
		44CD8D1619D6743A00CF710A /* Project object */ = {
			isa = PBXProject;
			attributes = {
				LastUpgradeCheck = 0600;
				ORGANIZATIONNAME = witmob;
				TargetAttributes = {
					44CD8D1D19D6743A00CF710A = {
						CreatedOnToolsVersion = 6.0;
					};
					44CD8D3619D6743B00CF710A = {
						CreatedOnToolsVersion = 6.0;
						TestTargetID = 44CD8D1D19D6743A00CF710A;
					};
				};
			};
			buildConfigurationList = 44CD8D1919D6743A00CF710A /* Build configuration list for PBXProject "ScrolViewDemo" */;
			compatibilityVersion = "Xcode 3.2";
			developmentRegion = English;
			hasScannedForEncodings = 0;
			knownRegions = (
				en,
				Base,
			);
			mainGroup = 44CD8D1519D6743A00CF710A;
			productRefGroup = 44CD8D1F19D6743A00CF710A /* Products */;
			projectDirPath = "";
			projectRoot = "";
			targets = (
				44CD8D1D19D6743A00CF710A /* ScrolViewDemo */,
				44CD8D3619D6743B00CF710A /* ScrolViewDemoTests */,
			);
		};
/* End PBXProject section */

/* Begin PBXResourcesBuildPhase section */
		44CD8D1C19D6743A00CF710A /* Resources */ = {
			isa = PBXResourcesBuildPhase;
			buildActionMask = 2147483647;
			files = (
				44CD8D2D19D6743B00CF710A /* Main.storyboard in Resources */,
				44CD8D3219D6743B00CF710A /* LaunchScreen.xib in Resources */,
				44CD8D2F19D6743B00CF710A /* Images.xcassets in Resources */,
			);
			runOnlyForDeploymentPostprocessing = 0;
		};
		44CD8D3519D6743B00CF710A /* Resources */ = {
			isa = PBXResourcesBuildPhase;
			buildActionMask = 2147483647;
			files = (
			);
			runOnlyForDeploymentPostprocessing = 0;
		};
/* End PBXResourcesBuildPhase section */

/* Begin PBXSourcesBuildPhase section */
		44CD8D1A19D6743A00CF710A /* Sources */ = {
			isa = PBXSourcesBuildPhase;
			buildActionMask = 2147483647;
			files = (
				44CD8D2A19D6743A00CF710A /* ViewController.m in Sources */,
				44CD8D2719D6743A00CF710A /* AppDelegate.m in Sources */,
				44CD8D2419D6743A00CF710A /* main.m in Sources */,
			);
			runOnlyForDeploymentPostprocessing = 0;
		};
		44CD8D3319D6743B00CF710A /* Sources */ = {
			isa = PBXSourcesBuildPhase;
			buildActionMask = 2147483647;
			files = (
				44CD8D3E19D6743B00CF710A /* ScrolViewDemoTests.m in Sources */,
			);
			runOnlyForDeploymentPostprocessing = 0;
		};
/* End PBXSourcesBuildPhase section */

/* Begin PBXTargetDependency section */
		44CD8D3919D6743B00CF710A /* PBXTargetDependency */ = {
			isa = PBXTargetDependency;
			target = 44CD8D1D19D6743A00CF710A /* ScrolViewDemo */;
			targetProxy = 44CD8D3819D6743B00CF710A /* PBXContainerItemProxy */;
		};
/* End PBXTargetDependency section */

/* Begin PBXVariantGroup section */
		44CD8D2B19D6743B00CF710A /* Main.storyboard */ = {
			isa = PBXVariantGroup;
			children = (
				44CD8D2C19D6743B00CF710A /* Base */,
			);
			name = Main.storyboard;
			sourceTree = "<group>";
		};
		44CD8D3019D6743B00CF710A /* LaunchScreen.xib */ = {
			isa = PBXVariantGroup;
			children = (
				44CD8D3119D6743B00CF710A /* Base */,
			);
			name = LaunchScreen.xib;
			sourceTree = "<group>";
		};
/* End PBXVariantGroup section */

/* Begin XCBuildConfiguration section */
		44CD8D3F19D6743B00CF710A /* Debug */ = {
			isa = XCBuildConfiguration;
			buildSettings = {
				ALWAYS_SEARCH_USER_PATHS = NO;
				CLANG_CXX_LANGUAGE_STANDARD = "gnu++0x";
				CLANG_CXX_LIBRARY = "libc++";
				CLANG_ENABLE_MODULES = YES;
				CLANG_ENABLE_OBJC_ARC = YES;
				CLANG_WARN_BOOL_CONVERSION = YES;
				CLANG_WARN_CONSTANT_CONVERSION = YES;
				CLANG_WARN_DIRECT_OBJC_ISA_USAGE = YES_ERROR;
				CLANG_WARN_EMPTY_BODY = YES;
				CLANG_WARN_ENUM_CONVERSION = YES;
				CLANG_WARN_INT_CONVERSION = YES;
				CLANG_WARN_OBJC_ROOT_CLASS = YES_ERROR;
				CLANG_WARN_UNREACHABLE_CODE = YES;
				CLANG_WARN__DUPLICATE_METHOD_MATCH = YES;
				"CODE_SIGN_IDENTITY[sdk=iphoneos*]" = "iPhone Developer";
				COPY_PHASE_STRIP = NO;
				ENABLE_STRICT_OBJC_MSGSEND = YES;
				GCC_C_LANGUAGE_STANDARD = gnu99;
				GCC_DYNAMIC_NO_PIC = NO;
				GCC_OPTIMIZATION_LEVEL = 0;
				GCC_PREPROCESSOR_DEFINITIONS = (
					"DEBUG=1",
					"$(inherited)",
				);
				GCC_SYMBOLS_PRIVATE_EXTERN = NO;
				GCC_WARN_64_TO_32_BIT_CONVERSION = YES;
				GCC_WARN_ABOUT_RETURN_TYPE = YES_ERROR;
				GCC_WARN_UNDECLARED_SELECTOR = YES;
				GCC_WARN_UNINITIALIZED_AUTOS = YES_AGGRESSIVE;
				GCC_WARN_UNUSED_FUNCTION = YES;
				GCC_WARN_UNUSED_VARIABLE = YES;
				IPHONEOS_DEPLOYMENT_TARGET = 8.0;
				MTL_ENABLE_DEBUG_INFO = YES;
				ONLY_ACTIVE_ARCH = YES;
				SDKROOT = iphoneos;
			};
			name = Debug;
		};
		44CD8D4019D6743B00CF710A /* Release */ = {
			isa = XCBuildConfiguration;
			buildSettings = {
				ALWAYS_SEARCH_USER_PATHS = NO;
				CLANG_CXX_LANGUAGE_STANDARD = "gnu++0x";
				CLANG_CXX_LIBRARY = "libc++";
				CLANG_ENABLE_MODULES = YES;
				CLANG_ENABLE_OBJC_ARC = YES;
				CLANG_WARN_BOOL_CONVERSION = YES;
				CLANG_WARN_CONSTANT_CONVERSION = YES;
				CLANG_WARN_DIRECT_OBJC_ISA_USAGE = YES_ERROR;
				CLANG_WARN_EMPTY_BODY = YES;
				CLANG_WARN_ENUM_CONVERSION = YES;
				CLANG_WARN_INT_CONVERSION = YES;
				CLANG_WARN_OBJC_ROOT_CLASS = YES_ERROR;
				CLANG_WARN_UNREACHABLE_CODE = YES;
				CLANG_WARN__DUPLICATE_METHOD_MATCH = YES;
				"CODE_SIGN_IDENTITY[sdk=iphoneos*]" = "iPhone Developer";
				COPY_PHASE_STRIP = YES;
				ENABLE_NS_ASSERTIONS = NO;
				ENABLE_STRICT_OBJC_MSGSEND = YES;
				GCC_C_LANGUAGE_STANDARD = gnu99;
				GCC_WARN_64_TO_32_BIT_CONVERSION = YES;
				GCC_WARN_ABOUT_RETURN_TYPE = YES_ERROR;
				GCC_WARN_UNDECLARED_SELECTOR = YES;
				GCC_WARN_UNINITIALIZED_AUTOS = YES_AGGRESSIVE;
				GCC_WARN_UNUSED_FUNCTION = YES;
				GCC_WARN_UNUSED_VARIABLE = YES;
				IPHONEOS_DEPLOYMENT_TARGET = 8.0;
				MTL_ENABLE_DEBUG_INFO = NO;
				SDKROOT = iphoneos;
				VALIDATE_PRODUCT = YES;
			};
			name = Release;
		};
		44CD8D4219D6743B00CF710A /* Debug */ = {
			isa = XCBuildConfiguration;
			buildSettings = {
				ASSETCATALOG_COMPILER_APPICON_NAME = AppIcon;
				INFOPLIST_FILE = ScrolViewDemo/Info.plist;
				IPHONEOS_DEPLOYMENT_TARGET = 8.0;
				LD_RUNPATH_SEARCH_PATHS = "$(inherited) @executable_path/Frameworks";
				PRODUCT_NAME = "$(TARGET_NAME)";
				TARGETED_DEVICE_FAMILY = 1;
			};
			name = Debug;
		};
		44CD8D4319D6743B00CF710A /* Release */ = {
			isa = XCBuildConfiguration;
			buildSettings = {
				ASSETCATALOG_COMPILER_APPICON_NAME = AppIcon;
				INFOPLIST_FILE = ScrolViewDemo/Info.plist;
				IPHONEOS_DEPLOYMENT_TARGET = 8.0;
				LD_RUNPATH_SEARCH_PATHS = "$(inherited) @executable_path/Frameworks";
				PRODUCT_NAME = "$(TARGET_NAME)";
				TARGETED_DEVICE_FAMILY = 1;
			};
			name = Release;
		};
		44CD8D4519D6743B00CF710A /* Debug */ = {
			isa = XCBuildConfiguration;
			buildSettings = {
				BUNDLE_LOADER = "$(TEST_HOST)";
				FRAMEWORK_SEARCH_PATHS = (
					"$(SDKROOT)/Developer/Library/Frameworks",
					"$(inherited)",
				);
				GCC_PREPROCESSOR_DEFINITIONS = (
					"DEBUG=1",
					"$(inherited)",
				);
				INFOPLIST_FILE = ScrolViewDemoTests/Info.plist;
				LD_RUNPATH_SEARCH_PATHS = "$(inherited) @executable_path/Frameworks @loader_path/Frameworks";
				PRODUCT_NAME = "$(TARGET_NAME)";
				TEST_HOST = "$(BUILT_PRODUCTS_DIR)/ScrolViewDemo.app/ScrolViewDemo";
			};
			name = Debug;
		};
		44CD8D4619D6743B00CF710A /* Release */ = {
			isa = XCBuildConfiguration;
			buildSettings = {
				BUNDLE_LOADER = "$(TEST_HOST)";
				FRAMEWORK_SEARCH_PATHS = (
					"$(SDKROOT)/Developer/Library/Frameworks",
					"$(inherited)",
				);
				INFOPLIST_FILE = ScrolViewDemoTests/Info.plist;
				LD_RUNPATH_SEARCH_PATHS = "$(inherited) @executable_path/Frameworks @loader_path/Frameworks";
				PRODUCT_NAME = "$(TARGET_NAME)";
				TEST_HOST = "$(BUILT_PRODUCTS_DIR)/ScrolViewDemo.app/ScrolViewDemo";
			};
			name = Release;
		};
/* End XCBuildConfiguration section */

/* Begin XCConfigurationList section */
		44CD8D1919D6743A00CF710A /* Build configuration list for PBXProject "ScrolViewDemo" */ = {
			isa = XCConfigurationList;
			buildConfigurations = (
				44CD8D3F19D6743B00CF710A /* Debug */,
				44CD8D4019D6743B00CF710A /* Release */,
			);
			defaultConfigurationIsVisible = 0;
			defaultConfigurationName = Release;
		};
		44CD8D4119D6743B00CF710A /* Build configuration list for PBXNativeTarget "ScrolViewDemo" */ = {
			isa = XCConfigurationList;
			buildConfigurations = (
				44CD8D4219D6743B00CF710A /* Debug */,
				44CD8D4319D6743B00CF710A /* Release */,
			);
			defaultConfigurationIsVisible = 0;
		};
		44CD8D4419D6743B00CF710A /* Build configuration list for PBXNativeTarget "ScrolViewDemoTests" */ = {
			isa = XCConfigurationList;
			buildConfigurations = (
				44CD8D4519D6743B00CF710A /* Debug */,
				44CD8D4619D6743B00CF710A /* Release */,
			);
			defaultConfigurationIsVisible = 0;
		};
/* End XCConfigurationList section */
	};
	rootObject = 44CD8D1619D6743A00CF710A /* Project object */;
}
